
Microsoft Visual Studio Solution File, Format Version 12.00
# Visual Studio Version 16
VisualStudioVersion = 16.0.29911.84
MinimumVisualStudioVersion = 10.0.40219.1
Project("{FAE04EC0-301F-11D3-BF4B-00C04F79EFBC}") = "LearnRegexTest1", "LearnRegexTest1\LearnRegexTest1.csproj", "{9EAA9197-BFF9-452C-BC1F-79C19FE27CEB}"
EndProject
Project("{FAE04EC0-301F-11D3-BF4B-00C04F79EFBC}") = "TestProject1", "TestProject1\TestProject1.csproj", "{6B6B205B-2EAE-41D8-9931-36D36AF3B026}"
EndProject
Global
	GlobalSection(SolutionConfigurationPlatforms) = preSolution
		Debug|Any CPU = Debug|Any CPU
		Release|Any CPU = Release|Any CPU
	EndGlobalSection
	GlobalSection(ProjectConfigurationPlatforms) = postSolution
		{9EAA9197-BFF9-452C-BC1F-79C19FE27CEB}.Debug|Any CPU.ActiveCfg = Debug|Any CPU
		{9EAA9197-BFF9-452C-BC1F-79C19FE27CEB}.Debug|Any CPU.Build.0 = Debug|Any CPU
		{9EAA9197-BFF9-452C-BC1F-79C19FE27CEB}.Release|Any CPU.ActiveCfg = Release|Any CPU
		{9EAA9197-BFF9-452C-BC1F-79C19FE27CEB}.Release|Any CPU.Build.0 = Release|Any CPU
		{6B6B205B-2EAE-41D8-9931-36D36AF3B026}.Debug|Any CPU.ActiveCfg = Debug|Any CPU
		{6B6B205B-2EAE-41D8-9931-36D36AF3B026}.Debug|Any CPU.Build.0 = Debug|Any CPU
		{6B6B205B-2EAE-41D8-9931-36D36AF3B026}.Release|Any CPU.ActiveCfg = Release|Any CPU
		{6B6B205B-2EAE-41D8-9931-36D36AF3B026}.Release|Any CPU.Build.0 = Release|Any CPU
	EndGlobalSection
	GlobalSection(SolutionProperties) = preSolution
		HideSolutionNode = FALSE
	EndGlobalSection
	GlobalSection(ExtensibilityGlobals) = postSolution
		SolutionGuid = {8232BDF5-CAFD-4D51-9D74-7B51E4C2CEEF}
	EndGlobalSection
EndGlobal
